
Microsoft Visual Studio Solution File, Format Version 12.00
# Visual Studio 15
VisualStudioVersion = 15.0.27703.2035
MinimumVisualStudioVersion = 10.0.40219.1
Project("{FAE04EC0-301F-11D3-BF4B-00C04F79EFBC}") = "UtilisationPlannerAddIn", "UtilisationPlannerAddIn\UtilisationPlannerAddIn.csproj", "{6C0CB670-648B-4EAF-BACB-37AC2BC40E07}"
EndProject
Project("{FAE04EC0-301F-11D3-BF4B-00C04F79EFBC}") = "FileParser", "FileParser\FileParser.csproj", "{E4E2EE15-5081-4151-9DF3-49B6397B5B5C}"
EndProject
Global
	GlobalSection(SolutionConfigurationPlatforms) = preSolution
		Debug|Any CPU = Debug|Any CPU
		Release|Any CPU = Release|Any CPU
	EndGlobalSection
	GlobalSection(ProjectConfigurationPlatforms) = postSolution
		{6C0CB670-648B-4EAF-BACB-37AC2BC40E07}.Debug|Any CPU.ActiveCfg = Debug|Any CPU
		{6C0CB670-648B-4EAF-BACB-37AC2BC40E07}.Debug|Any CPU.Build.0 = Debug|Any CPU
		{6C0CB670-648B-4EAF-BACB-37AC2BC40E07}.Release|Any CPU.ActiveCfg = Release|Any CPU
		{6C0CB670-648B-4EAF-BACB-37AC2BC40E07}.Release|Any CPU.Build.0 = Release|Any CPU
		{E4E2EE15-5081-4151-9DF3-49B6397B5B5C}.Debug|Any CPU.ActiveCfg = Debug|Any CPU
		{E4E2EE15-5081-4151-9DF3-49B6397B5B5C}.Debug|Any CPU.Build.0 = Debug|Any CPU
		{E4E2EE15-5081-4151-9DF3-49B6397B5B5C}.Release|Any CPU.ActiveCfg = Release|Any CPU
		{E4E2EE15-5081-4151-9DF3-49B6397B5B5C}.Release|Any CPU.Build.0 = Release|Any CPU
	EndGlobalSection
	GlobalSection(SolutionProperties) = preSolution
		HideSolutionNode = FALSE
	EndGlobalSection
	GlobalSection(ExtensibilityGlobals) = postSolution
		SolutionGuid = {16B47D83-5648-4F59-B572-6B1E957C807A}
	EndGlobalSection
EndGlobal
